
Microsoft Visual Studio Solution File, Format Version 12.00
# Visual Studio Version 16
VisualStudioVersion = 16.0.28917.182
MinimumVisualStudioVersion = 10.0.40219.1
Project("{2150E333-8FDC-42A3-9474-1A3956D46DE8}") = "Platforms", "Platforms", "{7D7C40B0-60BD-460C-9E88-9D74BA82F18B}"
EndProject
Project("{FAE04EC0-301F-11D3-BF4B-00C04F79EFBC}") = "XamarinForms.Core.Droid", "Platforms\XamarinForms.Core.Droid\XamarinForms.Core.Droid.csproj", "{A073AD50-443D-4528-9353-277BE02CA5F7}"
EndProject
Project("{FAE04EC0-301F-11D3-BF4B-00C04F79EFBC}") = "XamarinForms.Core.iOS", "Platforms\XamarinForms.Core.iOS\XamarinForms.Core.iOS.csproj", "{4A7CAE81-13D0-4D3A-A42C-83CA54F1E214}"
EndProject
Project("{9A19103F-16F7-4668-BE54-9A1E7A4F7556}") = "Xamarin.Core", "Xamarin.Core\Xamarin.Core.csproj", "{4A3F0AA4-8BC9-47DC-8B66-9876C0834509}"
EndProject
Project("{9A19103F-16F7-4668-BE54-9A1E7A4F7556}") = "Xamarin.Data", "Xamarin.Data\Xamarin.Data.csproj", "{2E2CDD91-B931-468D-BD9D-8F0E00C96890}"
EndProject
Project("{9A19103F-16F7-4668-BE54-9A1E7A4F7556}") = "XamarinForms.Core", "XamarinForms.Core\XamarinForms.Core.csproj", "{8192930E-E5DA-45DC-82D6-D80304C29CAD}"
EndProject
Project("{FAE04EC0-301F-11D3-BF4B-00C04F79EFBC}") = "XamarinForms.Droid", "Platforms\XamarinForms.Droid\XamarinForms.Droid.csproj", "{B5B25F70-2BDD-4C1B-BF60-CE862C985D8B}"
EndProject
Global
	GlobalSection(SolutionConfigurationPlatforms) = preSolution
		Debug|Any CPU = Debug|Any CPU
		Debug|ARM = Debug|ARM
		Debug|ARM64 = Debug|ARM64
		Debug|x64 = Debug|x64
		Debug|x86 = Debug|x86
		Release|Any CPU = Release|Any CPU
		Release|ARM = Release|ARM
		Release|ARM64 = Release|ARM64
		Release|x64 = Release|x64
		Release|x86 = Release|x86
	EndGlobalSection
	GlobalSection(ProjectConfigurationPlatforms) = postSolution
		{A073AD50-443D-4528-9353-277BE02CA5F7}.Debug|Any CPU.ActiveCfg = Debug|Any CPU
		{A073AD50-443D-4528-9353-277BE02CA5F7}.Debug|Any CPU.Build.0 = Debug|Any CPU
		{A073AD50-443D-4528-9353-277BE02CA5F7}.Debug|ARM.ActiveCfg = Debug|Any CPU
		{A073AD50-443D-4528-9353-277BE02CA5F7}.Debug|ARM.Build.0 = Debug|Any CPU
		{A073AD50-443D-4528-9353-277BE02CA5F7}.Debug|ARM64.ActiveCfg = Debug|Any CPU
		{A073AD50-443D-4528-9353-277BE02CA5F7}.Debug|ARM64.Build.0 = Debug|Any CPU
		{A073AD50-443D-4528-9353-277BE02CA5F7}.Debug|x64.ActiveCfg = Debug|Any CPU
		{A073AD50-443D-4528-9353-277BE02CA5F7}.Debug|x64.Build.0 = Debug|Any CPU
		{A073AD50-443D-4528-9353-277BE02CA5F7}.Debug|x86.ActiveCfg = Debug|Any CPU
		{A073AD50-443D-4528-9353-277BE02CA5F7}.Debug|x86.Build.0 = Debug|Any CPU
		{A073AD50-443D-4528-9353-277BE02CA5F7}.Release|Any CPU.ActiveCfg = Release|Any CPU
		{A073AD50-443D-4528-9353-277BE02CA5F7}.Release|Any CPU.Build.0 = Release|Any CPU
		{A073AD50-443D-4528-9353-277BE02CA5F7}.Release|ARM.ActiveCfg = Release|Any CPU
		{A073AD50-443D-4528-9353-277BE02CA5F7}.Release|ARM.Build.0 = Release|Any CPU
		{A073AD50-443D-4528-9353-277BE02CA5F7}.Release|ARM64.ActiveCfg = Release|Any CPU
		{A073AD50-443D-4528-9353-277BE02CA5F7}.Release|ARM64.Build.0 = Release|Any CPU
		{A073AD50-443D-4528-9353-277BE02CA5F7}.Release|x64.ActiveCfg = Release|Any CPU
		{A073AD50-443D-4528-9353-277BE02CA5F7}.Release|x64.Build.0 = Release|Any CPU
		{A073AD50-443D-4528-9353-277BE02CA5F7}.Release|x86.ActiveCfg = Release|Any CPU
		{A073AD50-443D-4528-9353-277BE02CA5F7}.Release|x86.Build.0 = Release|Any CPU
		{4A7CAE81-13D0-4D3A-A42C-83CA54F1E214}.Debug|Any CPU.ActiveCfg = Debug|Any CPU
		{4A7CAE81-13D0-4D3A-A42C-83CA54F1E214}.Debug|Any CPU.Build.0 = Debug|Any CPU
		{4A7CAE81-13D0-4D3A-A42C-83CA54F1E214}.Debug|ARM.ActiveCfg = Debug|Any CPU
		{4A7CAE81-13D0-4D3A-A42C-83CA54F1E214}.Debug|ARM.Build.0 = Debug|Any CPU
		{4A7CAE81-13D0-4D3A-A42C-83CA54F1E214}.Debug|ARM64.ActiveCfg = Debug|Any CPU
		{4A7CAE81-13D0-4D3A-A42C-83CA54F1E214}.Debug|ARM64.Build.0 = Debug|Any CPU
		{4A7CAE81-13D0-4D3A-A42C-83CA54F1E214}.Debug|x64.ActiveCfg = Debug|Any CPU
		{4A7CAE81-13D0-4D3A-A42C-83CA54F1E214}.Debug|x64.Build.0 = Debug|Any CPU
		{4A7CAE81-13D0-4D3A-A42C-83CA54F1E214}.Debug|x86.ActiveCfg = Debug|Any CPU
		{4A7CAE81-13D0-4D3A-A42C-83CA54F1E214}.Debug|x86.Build.0 = Debug|Any CPU
		{4A7CAE81-13D0-4D3A-A42C-83CA54F1E214}.Release|Any CPU.ActiveCfg = Release|Any CPU
		{4A7CAE81-13D0-4D3A-A42C-83CA54F1E214}.Release|Any CPU.Build.0 = Release|Any CPU
		{4A7CAE81-13D0-4D3A-A42C-83CA54F1E214}.Release|ARM.ActiveCfg = Release|Any CPU
		{4A7CAE81-13D0-4D3A-A42C-83CA54F1E214}.Release|ARM.Build.0 = Release|Any CPU
		{4A7CAE81-13D0-4D3A-A42C-83CA54F1E214}.Release|ARM64.ActiveCfg = Release|Any CPU
		{4A7CAE81-13D0-4D3A-A42C-83CA54F1E214}.Release|ARM64.Build.0 = Release|Any CPU
		{4A7CAE81-13D0-4D3A-A42C-83CA54F1E214}.Release|x64.ActiveCfg = Release|Any CPU
		{4A7CAE81-13D0-4D3A-A42C-83CA54F1E214}.Release|x64.Build.0 = Release|Any CPU
		{4A7CAE81-13D0-4D3A-A42C-83CA54F1E214}.Release|x86.ActiveCfg = Release|Any CPU
		{4A7CAE81-13D0-4D3A-A42C-83CA54F1E214}.Release|x86.Build.0 = Release|Any CPU
		{4A3F0AA4-8BC9-47DC-8B66-9876C0834509}.Debug|Any CPU.ActiveCfg = Debug|Any CPU
		{4A3F0AA4-8BC9-47DC-8B66-9876C0834509}.Debug|Any CPU.Build.0 = Debug|Any CPU
		{4A3F0AA4-8BC9-47DC-8B66-9876C0834509}.Debug|ARM.ActiveCfg = Debug|Any CPU
		{4A3F0AA4-8BC9-47DC-8B66-9876C0834509}.Debug|ARM.Build.0 = Debug|Any CPU
		{4A3F0AA4-8BC9-47DC-8B66-9876C0834509}.Debug|ARM64.ActiveCfg = Debug|Any CPU
		{4A3F0AA4-8BC9-47DC-8B66-9876C0834509}.Debug|ARM64.Build.0 = Debug|Any CPU
		{4A3F0AA4-8BC9-47DC-8B66-9876C0834509}.Debug|x64.ActiveCfg = Debug|Any CPU
		{4A3F0AA4-8BC9-47DC-8B66-9876C0834509}.Debug|x64.Build.0 = Debug|Any CPU
		{4A3F0AA4-8BC9-47DC-8B66-9876C0834509}.Debug|x86.ActiveCfg = Debug|Any CPU
		{4A3F0AA4-8BC9-47DC-8B66-9876C0834509}.Debug|x86.Build.0 = Debug|Any CPU
		{4A3F0AA4-8BC9-47DC-8B66-9876C0834509}.Release|Any CPU.ActiveCfg = Release|Any CPU
		{4A3F0AA4-8BC9-47DC-8B66-9876C0834509}.Release|Any CPU.Build.0 = Release|Any CPU
		{4A3F0AA4-8BC9-47DC-8B66-9876C0834509}.Release|ARM.ActiveCfg = Release|Any CPU
		{4A3F0AA4-8BC9-47DC-8B66-9876C0834509}.Release|ARM.Build.0 = Release|Any CPU
		{4A3F0AA4-8BC9-47DC-8B66-9876C0834509}.Release|ARM64.ActiveCfg = Release|Any CPU
		{4A3F0AA4-8BC9-47DC-8B66-9876C0834509}.Release|ARM64.Build.0 = Release|Any CPU
		{4A3F0AA4-8BC9-47DC-8B66-9876C0834509}.Release|x64.ActiveCfg = Release|Any CPU
		{4A3F0AA4-8BC9-47DC-8B66-9876C0834509}.Release|x64.Build.0 = Release|Any CPU
		{4A3F0AA4-8BC9-47DC-8B66-9876C0834509}.Release|x86.ActiveCfg = Release|Any CPU
		{4A3F0AA4-8BC9-47DC-8B66-9876C0834509}.Release|x86.Build.0 = Release|Any CPU
		{2E2CDD91-B931-468D-BD9D-8F0E00C96890}.Debug|Any CPU.ActiveCfg = Debug|Any CPU
		{2E2CDD91-B931-468D-BD9D-8F0E00C96890}.Debug|Any CPU.Build.0 = Debug|Any CPU
		{2E2CDD91-B931-468D-BD9D-8F0E00C96890}.Debug|ARM.ActiveCfg = Debug|Any CPU
		{2E2CDD91-B931-468D-BD9D-8F0E00C96890}.Debug|ARM.Build.0 = Debug|Any CPU
		{2E2CDD91-B931-468D-BD9D-8F0E00C96890}.Debug|ARM64.ActiveCfg = Debug|Any CPU
		{2E2CDD91-B931-468D-BD9D-8F0E00C96890}.Debug|ARM64.Build.0 = Debug|Any CPU
		{2E2CDD91-B931-468D-BD9D-8F0E00C96890}.Debug|x64.ActiveCfg = Debug|Any CPU
		{2E2CDD91-B931-468D-BD9D-8F0E00C96890}.Debug|x64.Build.0 = Debug|Any CPU
		{2E2CDD91-B931-468D-BD9D-8F0E00C96890}.Debug|x86.ActiveCfg = Debug|Any CPU
		{2E2CDD91-B931-468D-BD9D-8F0E00C96890}.Debug|x86.Build.0 = Debug|Any CPU
		{2E2CDD91-B931-468D-BD9D-8F0E00C96890}.Release|Any CPU.ActiveCfg = Release|Any CPU
		{2E2CDD91-B931-468D-BD9D-8F0E00C96890}.Release|Any CPU.Build.0 = Release|Any CPU
		{2E2CDD91-B931-468D-BD9D-8F0E00C96890}.Release|ARM.ActiveCfg = Release|Any CPU
		{2E2CDD91-B931-468D-BD9D-8F0E00C96890}.Release|ARM.Build.0 = Release|Any CPU
		{2E2CDD91-B931-468D-BD9D-8F0E00C96890}.Release|ARM64.ActiveCfg = Release|Any CPU
		{2E2CDD91-B931-468D-BD9D-8F0E00C96890}.Release|ARM64.Build.0 = Release|Any CPU
		{2E2CDD91-B931-468D-BD9D-8F0E00C96890}.Release|x64.ActiveCfg = Release|Any CPU
		{2E2CDD91-B931-468D-BD9D-8F0E00C96890}.Release|x64.Build.0 = Release|Any CPU
		{2E2CDD91-B931-468D-BD9D-8F0E00C96890}.Release|x86.ActiveCfg = Release|Any CPU
		{2E2CDD91-B931-468D-BD9D-8F0E00C96890}.Release|x86.Build.0 = Release|Any CPU
		{8192930E-E5DA-45DC-82D6-D80304C29CAD}.Debug|Any CPU.ActiveCfg = Debug|Any CPU
		{8192930E-E5DA-45DC-82D6-D80304C29CAD}.Debug|Any CPU.Build.0 = Debug|Any CPU
		{8192930E-E5DA-45DC-82D6-D80304C29CAD}.Debug|ARM.ActiveCfg = Debug|Any CPU
		{8192930E-E5DA-45DC-82D6-D80304C29CAD}.Debug|ARM.Build.0 = Debug|Any CPU
		{8192930E-E5DA-45DC-82D6-D80304C29CAD}.Debug|ARM64.ActiveCfg = Debug|Any CPU
		{8192930E-E5DA-45DC-82D6-D80304C29CAD}.Debug|ARM64.Build.0 = Debug|Any CPU
		{8192930E-E5DA-45DC-82D6-D80304C29CAD}.Debug|x64.ActiveCfg = Debug|Any CPU
		{8192930E-E5DA-45DC-82D6-D80304C29CAD}.Debug|x64.Build.0 = Debug|Any CPU
		{8192930E-E5DA-45DC-82D6-D80304C29CAD}.Debug|x86.ActiveCfg = Debug|Any CPU
		{8192930E-E5DA-45DC-82D6-D80304C29CAD}.Debug|x86.Build.0 = Debug|Any CPU
		{8192930E-E5DA-45DC-82D6-D80304C29CAD}.Release|Any CPU.ActiveCfg = Release|Any CPU
		{8192930E-E5DA-45DC-82D6-D80304C29CAD}.Release|Any CPU.Build.0 = Release|Any CPU
		{8192930E-E5DA-45DC-82D6-D80304C29CAD}.Release|ARM.ActiveCfg = Release|Any CPU
		{8192930E-E5DA-45DC-82D6-D80304C29CAD}.Release|ARM.Build.0 = Release|Any CPU
		{8192930E-E5DA-45DC-82D6-D80304C29CAD}.Release|ARM64.ActiveCfg = Release|Any CPU
		{8192930E-E5DA-45DC-82D6-D80304C29CAD}.Release|ARM64.Build.0 = Release|Any CPU
		{8192930E-E5DA-45DC-82D6-D80304C29CAD}.Release|x64.ActiveCfg = Release|Any CPU
		{8192930E-E5DA-45DC-82D6-D80304C29CAD}.Release|x64.Build.0 = Release|Any CPU
		{8192930E-E5DA-45DC-82D6-D80304C29CAD}.Release|x86.ActiveCfg = Release|Any CPU
		{8192930E-E5DA-45DC-82D6-D80304C29CAD}.Release|x86.Build.0 = Release|Any CPU
		{B5B25F70-2BDD-4C1B-BF60-CE862C985D8B}.Debug|Any CPU.ActiveCfg = Debug|Any CPU
		{B5B25F70-2BDD-4C1B-BF60-CE862C985D8B}.Debug|Any CPU.Build.0 = Debug|Any CPU
		{B5B25F70-2BDD-4C1B-BF60-CE862C985D8B}.Debug|ARM.ActiveCfg = Debug|Any CPU
		{B5B25F70-2BDD-4C1B-BF60-CE862C985D8B}.Debug|ARM.Build.0 = Debug|Any CPU
		{B5B25F70-2BDD-4C1B-BF60-CE862C985D8B}.Debug|ARM64.ActiveCfg = Debug|Any CPU
		{B5B25F70-2BDD-4C1B-BF60-CE862C985D8B}.Debug|ARM64.Build.0 = Debug|Any CPU
		{B5B25F70-2BDD-4C1B-BF60-CE862C985D8B}.Debug|x64.ActiveCfg = Debug|Any CPU
		{B5B25F70-2BDD-4C1B-BF60-CE862C985D8B}.Debug|x64.Build.0 = Debug|Any CPU
		{B5B25F70-2BDD-4C1B-BF60-CE862C985D8B}.Debug|x86.ActiveCfg = Debug|Any CPU
		{B5B25F70-2BDD-4C1B-BF60-CE862C985D8B}.Debug|x86.Build.0 = Debug|Any CPU
		{B5B25F70-2BDD-4C1B-BF60-CE862C985D8B}.Release|Any CPU.ActiveCfg = Release|Any CPU
		{B5B25F70-2BDD-4C1B-BF60-CE862C985D8B}.Release|Any CPU.Build.0 = Release|Any CPU
		{B5B25F70-2BDD-4C1B-BF60-CE862C985D8B}.Release|ARM.ActiveCfg = Release|Any CPU
		{B5B25F70-2BDD-4C1B-BF60-CE862C985D8B}.Release|ARM.Build.0 = Release|Any CPU
		{B5B25F70-2BDD-4C1B-BF60-CE862C985D8B}.Release|ARM64.ActiveCfg = Release|Any CPU
		{B5B25F70-2BDD-4C1B-BF60-CE862C985D8B}.Release|ARM64.Build.0 = Release|Any CPU
		{B5B25F70-2BDD-4C1B-BF60-CE862C985D8B}.Release|x64.ActiveCfg = Release|Any CPU
		{B5B25F70-2BDD-4C1B-BF60-CE862C985D8B}.Release|x64.Build.0 = Release|Any CPU
		{B5B25F70-2BDD-4C1B-BF60-CE862C985D8B}.Release|x86.ActiveCfg = Release|Any CPU
		{B5B25F70-2BDD-4C1B-BF60-CE862C985D8B}.Release|x86.Build.0 = Release|Any CPU
	EndGlobalSection
	GlobalSection(SolutionProperties) = preSolution
		HideSolutionNode = FALSE
	EndGlobalSection
	GlobalSection(NestedProjects) = preSolution
		{A073AD50-443D-4528-9353-277BE02CA5F7} = {7D7C40B0-60BD-460C-9E88-9D74BA82F18B}
		{4A7CAE81-13D0-4D3A-A42C-83CA54F1E214} = {7D7C40B0-60BD-460C-9E88-9D74BA82F18B}
		{B5B25F70-2BDD-4C1B-BF60-CE862C985D8B} = {7D7C40B0-60BD-460C-9E88-9D74BA82F18B}
	EndGlobalSection
	GlobalSection(ExtensibilityGlobals) = postSolution
		SolutionGuid = {C974E497-146A-4C23-9DB1-46EB01BF27F6}
	EndGlobalSection
EndGlobal
