
Microsoft Visual Studio Solution File, Format Version 12.00
# Visual Studio 15
VisualStudioVersion = 15.0.27130.2003
MinimumVisualStudioVersion = 10.0.40219.1
Project("{FAE04EC0-301F-11D3-BF4B-00C04F79EFBC}") = "XamarinForms.Core", "XamarinForms.Core\XamarinForms.Core.csproj", "{98320B56-2D35-4406-88F0-2B6A2C9A5F13}"
EndProject
Project("{FAE04EC0-301F-11D3-BF4B-00C04F79EFBC}") = "Xamarin.Data", "XamarinForms.Data\Xamarin.Data.csproj", "{C2E838E9-B8D8-4106-880C-EA74C0F6F2A6}"
EndProject
Project("{FAE04EC0-301F-11D3-BF4B-00C04F79EFBC}") = "Xamarin.Core", "Xamarin.Core\Xamarin.Core.csproj", "{453E027C-DBB7-462B-B3BC-9513E0E154D9}"
EndProject
Project("{2150E333-8FDC-42A3-9474-1A3956D46DE8}") = "Platforms", "Platforms", "{7D7C40B0-60BD-460C-9E88-9D74BA82F18B}"
EndProject
Project("{FAE04EC0-301F-11D3-BF4B-00C04F79EFBC}") = "XamarinForms.Core.Droid", "Platforms\XamarinForms.Core.Droid\XamarinForms.Core.Droid.csproj", "{A073AD50-443D-4528-9353-277BE02CA5F7}"
EndProject
Project("{FAE04EC0-301F-11D3-BF4B-00C04F79EFBC}") = "XamarinForms.Core.iOS", "Platforms\XamarinForms.Core.iOS\XamarinForms.Core.iOS.csproj", "{4A7CAE81-13D0-4D3A-A42C-83CA54F1E214}"
EndProject
Project("{FAE04EC0-301F-11D3-BF4B-00C04F79EFBC}") = "Xamarin.Core.Standard", "Xamarin.Core.Standard\Xamarin.Core.Standard.csproj", "{4A3F0AA4-8BC9-47DC-8B66-9876C0834509}"
EndProject
Project("{FAE04EC0-301F-11D3-BF4B-00C04F79EFBC}") = "Xamarin.Data.Standard", "Xamarin.Data.Standard\Xamarin.Data.Standard.csproj", "{2E2CDD91-B931-468D-BD9D-8F0E00C96890}"
EndProject
Project("{FAE04EC0-301F-11D3-BF4B-00C04F79EFBC}") = "XamarinForms.Core.Standard", "XamarinForms.Core.Standard\XamarinForms.Core.Standard.csproj", "{8192930E-E5DA-45DC-82D6-D80304C29CAD}"
EndProject
Global
	GlobalSection(SolutionConfigurationPlatforms) = preSolution
		Debug|Any CPU = Debug|Any CPU
		Release|Any CPU = Release|Any CPU
	EndGlobalSection
	GlobalSection(ProjectConfigurationPlatforms) = postSolution
		{98320B56-2D35-4406-88F0-2B6A2C9A5F13}.Debug|Any CPU.ActiveCfg = Debug|Any CPU
		{98320B56-2D35-4406-88F0-2B6A2C9A5F13}.Debug|Any CPU.Build.0 = Debug|Any CPU
		{98320B56-2D35-4406-88F0-2B6A2C9A5F13}.Release|Any CPU.ActiveCfg = Release|Any CPU
		{98320B56-2D35-4406-88F0-2B6A2C9A5F13}.Release|Any CPU.Build.0 = Release|Any CPU
		{C2E838E9-B8D8-4106-880C-EA74C0F6F2A6}.Debug|Any CPU.ActiveCfg = Debug|Any CPU
		{C2E838E9-B8D8-4106-880C-EA74C0F6F2A6}.Debug|Any CPU.Build.0 = Debug|Any CPU
		{C2E838E9-B8D8-4106-880C-EA74C0F6F2A6}.Release|Any CPU.ActiveCfg = Release|Any CPU
		{C2E838E9-B8D8-4106-880C-EA74C0F6F2A6}.Release|Any CPU.Build.0 = Release|Any CPU
		{453E027C-DBB7-462B-B3BC-9513E0E154D9}.Debug|Any CPU.ActiveCfg = Debug|Any CPU
		{453E027C-DBB7-462B-B3BC-9513E0E154D9}.Debug|Any CPU.Build.0 = Debug|Any CPU
		{453E027C-DBB7-462B-B3BC-9513E0E154D9}.Release|Any CPU.ActiveCfg = Release|Any CPU
		{453E027C-DBB7-462B-B3BC-9513E0E154D9}.Release|Any CPU.Build.0 = Release|Any CPU
		{A073AD50-443D-4528-9353-277BE02CA5F7}.Debug|Any CPU.ActiveCfg = Debug|Any CPU
		{A073AD50-443D-4528-9353-277BE02CA5F7}.Debug|Any CPU.Build.0 = Debug|Any CPU
		{A073AD50-443D-4528-9353-277BE02CA5F7}.Release|Any CPU.ActiveCfg = Release|Any CPU
		{A073AD50-443D-4528-9353-277BE02CA5F7}.Release|Any CPU.Build.0 = Release|Any CPU
		{4A7CAE81-13D0-4D3A-A42C-83CA54F1E214}.Debug|Any CPU.ActiveCfg = Debug|Any CPU
		{4A7CAE81-13D0-4D3A-A42C-83CA54F1E214}.Debug|Any CPU.Build.0 = Debug|Any CPU
		{4A7CAE81-13D0-4D3A-A42C-83CA54F1E214}.Release|Any CPU.ActiveCfg = Release|Any CPU
		{4A7CAE81-13D0-4D3A-A42C-83CA54F1E214}.Release|Any CPU.Build.0 = Release|Any CPU
		{4A3F0AA4-8BC9-47DC-8B66-9876C0834509}.Debug|Any CPU.ActiveCfg = Debug|Any CPU
		{4A3F0AA4-8BC9-47DC-8B66-9876C0834509}.Debug|Any CPU.Build.0 = Debug|Any CPU
		{4A3F0AA4-8BC9-47DC-8B66-9876C0834509}.Release|Any CPU.ActiveCfg = Release|Any CPU
		{4A3F0AA4-8BC9-47DC-8B66-9876C0834509}.Release|Any CPU.Build.0 = Release|Any CPU
		{2E2CDD91-B931-468D-BD9D-8F0E00C96890}.Debug|Any CPU.ActiveCfg = Debug|Any CPU
		{2E2CDD91-B931-468D-BD9D-8F0E00C96890}.Debug|Any CPU.Build.0 = Debug|Any CPU
		{2E2CDD91-B931-468D-BD9D-8F0E00C96890}.Release|Any CPU.ActiveCfg = Release|Any CPU
		{2E2CDD91-B931-468D-BD9D-8F0E00C96890}.Release|Any CPU.Build.0 = Release|Any CPU
		{8192930E-E5DA-45DC-82D6-D80304C29CAD}.Debug|Any CPU.ActiveCfg = Debug|Any CPU
		{8192930E-E5DA-45DC-82D6-D80304C29CAD}.Debug|Any CPU.Build.0 = Debug|Any CPU
		{8192930E-E5DA-45DC-82D6-D80304C29CAD}.Release|Any CPU.ActiveCfg = Release|Any CPU
		{8192930E-E5DA-45DC-82D6-D80304C29CAD}.Release|Any CPU.Build.0 = Release|Any CPU
	EndGlobalSection
	GlobalSection(SolutionProperties) = preSolution
		HideSolutionNode = FALSE
	EndGlobalSection
	GlobalSection(NestedProjects) = preSolution
		{A073AD50-443D-4528-9353-277BE02CA5F7} = {7D7C40B0-60BD-460C-9E88-9D74BA82F18B}
		{4A7CAE81-13D0-4D3A-A42C-83CA54F1E214} = {7D7C40B0-60BD-460C-9E88-9D74BA82F18B}
	EndGlobalSection
	GlobalSection(ExtensibilityGlobals) = postSolution
		SolutionGuid = {C974E497-146A-4C23-9DB1-46EB01BF27F6}
	EndGlobalSection
EndGlobal
